// !$*UTF8*$!
{
	archiveVersion = 1;
	classes = {
	};
	objectVersion = 50;
	objects = {

/* Begin PBXBuildFile section */
		C811BC1E2385B5440079A2F3 /* AppDelegate.swift in Sources */ = {isa = PBXBuildFile; fileRef = C811BC1D2385B5440079A2F3 /* AppDelegate.swift */; };
		C811BC202385B5440079A2F3 /* DocumentBrowserViewController.swift in Sources */ = {isa = PBXBuildFile; fileRef = C811BC1F2385B5440079A2F3 /* DocumentBrowserViewController.swift */; };
		C811BC242385B5440079A2F3 /* GalleryDocument.swift in Sources */ = {isa = PBXBuildFile; fileRef = C811BC232385B5440079A2F3 /* GalleryDocument.swift */; };
		C811BC272385B5440079A2F3 /* Main.storyboard in Resources */ = {isa = PBXBuildFile; fileRef = C811BC252385B5440079A2F3 /* Main.storyboard */; };
		C811BC292385B5460079A2F3 /* Assets.xcassets in Resources */ = {isa = PBXBuildFile; fileRef = C811BC282385B5460079A2F3 /* Assets.xcassets */; };
		C811BC2C2385B5460079A2F3 /* LaunchScreen.storyboard in Resources */ = {isa = PBXBuildFile; fileRef = C811BC2A2385B5460079A2F3 /* LaunchScreen.storyboard */; };
		C811BC772385BA020079A2F3 /* Gallery.swift in Sources */ = {isa = PBXBuildFile; fileRef = C811BC742385BA020079A2F3 /* Gallery.swift */; };
		C811BC782385BA020079A2F3 /* Utilities.swift in Sources */ = {isa = PBXBuildFile; fileRef = C811BC752385BA020079A2F3 /* Utilities.swift */; };
		C811BC792385BA020079A2F3 /* ImageCell.swift in Sources */ = {isa = PBXBuildFile; fileRef = C811BC762385BA020079A2F3 /* ImageCell.swift */; };
		C811BC7C2385BAB50079A2F3 /* ImageGalleryController.swift in Sources */ = {isa = PBXBuildFile; fileRef = C811BC7B2385BAB50079A2F3 /* ImageGalleryController.swift */; };
		C811BC7E2385BAC20079A2F3 /* ShowImageViewController.swift in Sources */ = {isa = PBXBuildFile; fileRef = C811BC7D2385BAC20079A2F3 /* ShowImageViewController.swift */; };
/* End PBXBuildFile section */

/* Begin PBXFileReference section */
		C811BC1A2385B5440079A2F3 /* PersistentImageGallery.app */ = {isa = PBXFileReference; explicitFileType = wrapper.application; includeInIndex = 0; path = PersistentImageGallery.app; sourceTree = BUILT_PRODUCTS_DIR; };
		C811BC1D2385B5440079A2F3 /* AppDelegate.swift */ = {isa = PBXFileReference; lastKnownFileType = sourcecode.swift; path = AppDelegate.swift; sourceTree = "<group>"; };
		C811BC1F2385B5440079A2F3 /* DocumentBrowserViewController.swift */ = {isa = PBXFileReference; lastKnownFileType = sourcecode.swift; path = DocumentBrowserViewController.swift; sourceTree = "<group>"; };
		C811BC232385B5440079A2F3 /* GalleryDocument.swift */ = {isa = PBXFileReference; lastKnownFileType = sourcecode.swift; path = GalleryDocument.swift; sourceTree = "<group>"; };
		C811BC262385B5440079A2F3 /* Base */ = {isa = PBXFileReference; lastKnownFileType = file.storyboard; name = Base; path = Base.lproj/Main.storyboard; sourceTree = "<group>"; };
		C811BC282385B5460079A2F3 /* Assets.xcassets */ = {isa = PBXFileReference; lastKnownFileType = folder.assetcatalog; path = Assets.xcassets; sourceTree = "<group>"; };
		C811BC2B2385B5460079A2F3 /* Base */ = {isa = PBXFileReference; lastKnownFileType = file.storyboard; name = Base; path = Base.lproj/LaunchScreen.storyboard; sourceTree = "<group>"; };
		C811BC2D2385B5460079A2F3 /* Info.plist */ = {isa = PBXFileReference; lastKnownFileType = text.plist.xml; path = Info.plist; sourceTree = "<group>"; };
		C811BC742385BA020079A2F3 /* Gallery.swift */ = {isa = PBXFileReference; fileEncoding = 4; lastKnownFileType = sourcecode.swift; path = Gallery.swift; sourceTree = "<group>"; };
		C811BC752385BA020079A2F3 /* Utilities.swift */ = {isa = PBXFileReference; fileEncoding = 4; lastKnownFileType = sourcecode.swift; path = Utilities.swift; sourceTree = "<group>"; };
		C811BC762385BA020079A2F3 /* ImageCell.swift */ = {isa = PBXFileReference; fileEncoding = 4; lastKnownFileType = sourcecode.swift; path = ImageCell.swift; sourceTree = "<group>"; };
		C811BC7B2385BAB50079A2F3 /* ImageGalleryController.swift */ = {isa = PBXFileReference; fileEncoding = 4; lastKnownFileType = sourcecode.swift; path = ImageGalleryController.swift; sourceTree = "<group>"; };
		C811BC7D2385BAC20079A2F3 /* ShowImageViewController.swift */ = {isa = PBXFileReference; fileEncoding = 4; lastKnownFileType = sourcecode.swift; path = ShowImageViewController.swift; sourceTree = "<group>"; };
/* End PBXFileReference section */

/* Begin PBXFrameworksBuildPhase section */
		C811BC172385B5440079A2F3 /* Frameworks */ = {
			isa = PBXFrameworksBuildPhase;
			buildActionMask = 2147483647;
			files = (
			);
			runOnlyForDeploymentPostprocessing = 0;
		};
/* End PBXFrameworksBuildPhase section */

/* Begin PBXGroup section */
		C811BC112385B5440079A2F3 = {
			isa = PBXGroup;
			children = (
				C811BC1C2385B5440079A2F3 /* PersistentImageGallery */,
				C811BC1B2385B5440079A2F3 /* Products */,
			);
			sourceTree = "<group>";
		};
		C811BC1B2385B5440079A2F3 /* Products */ = {
			isa = PBXGroup;
			children = (
				C811BC1A2385B5440079A2F3 /* PersistentImageGallery.app */,
			);
			name = Products;
			sourceTree = "<group>";
		};
		C811BC1C2385B5440079A2F3 /* PersistentImageGallery */ = {
			isa = PBXGroup;
			children = (
				C811BC7B2385BAB50079A2F3 /* ImageGalleryController.swift */,
				C811BC232385B5440079A2F3 /* GalleryDocument.swift */,
				C811BC1F2385B5440079A2F3 /* DocumentBrowserViewController.swift */,
				C811BC252385B5440079A2F3 /* Main.storyboard */,
				C811BC7D2385BAC20079A2F3 /* ShowImageViewController.swift */,
				C811BC2D2385B5460079A2F3 /* Info.plist */,
				C811BC7A2385BA290079A2F3 /* Support Files */,
			);
			path = PersistentImageGallery;
			sourceTree = "<group>";
		};
		C811BC7A2385BA290079A2F3 /* Support Files */ = {
			isa = PBXGroup;
			children = (
				C811BC1D2385B5440079A2F3 /* AppDelegate.swift */,
				C811BC742385BA020079A2F3 /* Gallery.swift */,
				C811BC762385BA020079A2F3 /* ImageCell.swift */,
				C811BC752385BA020079A2F3 /* Utilities.swift */,
				C811BC282385B5460079A2F3 /* Assets.xcassets */,
				C811BC2A2385B5460079A2F3 /* LaunchScreen.storyboard */,
			);
			path = "Support Files";
			sourceTree = "<group>";
		};
/* End PBXGroup section */

/* Begin PBXNativeTarget section */
		C811BC192385B5440079A2F3 /* PersistentImageGallery */ = {
			isa = PBXNativeTarget;
			buildConfigurationList = C811BC302385B5460079A2F3 /* Build configuration list for PBXNativeTarget "PersistentImageGallery" */;
			buildPhases = (
				C811BC162385B5440079A2F3 /* Sources */,
				C811BC172385B5440079A2F3 /* Frameworks */,
				C811BC182385B5440079A2F3 /* Resources */,
			);
			buildRules = (
			);
			dependencies = (
			);
			name = PersistentImageGallery;
			productName = PersistentImageGallery;
			productReference = C811BC1A2385B5440079A2F3 /* PersistentImageGallery.app */;
			productType = "com.apple.product-type.application";
		};
/* End PBXNativeTarget section */

/* Begin PBXProject section */
		C811BC122385B5440079A2F3 /* Project object */ = {
			isa = PBXProject;
			attributes = {
				LastSwiftUpdateCheck = 1110;
				LastUpgradeCheck = 1110;
				ORGANIZATIONNAME = "Sam Olof";
				TargetAttributes = {
					C811BC192385B5440079A2F3 = {
						CreatedOnToolsVersion = 11.1;
					};
				};
			};
			buildConfigurationList = C811BC152385B5440079A2F3 /* Build configuration list for PBXProject "PersistentImageGallery" */;
			compatibilityVersion = "Xcode 9.3";
			developmentRegion = en;
			hasScannedForEncodings = 0;
			knownRegions = (
				en,
				Base,
			);
			mainGroup = C811BC112385B5440079A2F3;
			productRefGroup = C811BC1B2385B5440079A2F3 /* Products */;
			projectDirPath = "";
			projectRoot = "";
			targets = (
				C811BC192385B5440079A2F3 /* PersistentImageGallery */,
			);
		};
/* End PBXProject section */

/* Begin PBXResourcesBuildPhase section */
		C811BC182385B5440079A2F3 /* Resources */ = {
			isa = PBXResourcesBuildPhase;
			buildActionMask = 2147483647;
			files = (
				C811BC2C2385B5460079A2F3 /* LaunchScreen.storyboard in Resources */,
				C811BC292385B5460079A2F3 /* Assets.xcassets in Resources */,
				C811BC272385B5440079A2F3 /* Main.storyboard in Resources */,
			);
			runOnlyForDeploymentPostprocessing = 0;
		};
/* End PBXResourcesBuildPhase section */

/* Begin PBXSourcesBuildPhase section */
		C811BC162385B5440079A2F3 /* Sources */ = {
			isa = PBXSourcesBuildPhase;
			buildActionMask = 2147483647;
			files = (
				C811BC7C2385BAB50079A2F3 /* ImageGalleryController.swift in Sources */,
				C811BC782385BA020079A2F3 /* Utilities.swift in Sources */,
				C811BC242385B5440079A2F3 /* GalleryDocument.swift in Sources */,
				C811BC7E2385BAC20079A2F3 /* ShowImageViewController.swift in Sources */,
				C811BC772385BA020079A2F3 /* Gallery.swift in Sources */,
				C811BC202385B5440079A2F3 /* DocumentBrowserViewController.swift in Sources */,
				C811BC792385BA020079A2F3 /* ImageCell.swift in Sources */,
				C811BC1E2385B5440079A2F3 /* AppDelegate.swift in Sources */,
			);
			runOnlyForDeploymentPostprocessing = 0;
		};
/* End PBXSourcesBuildPhase section */

/* Begin PBXVariantGroup section */
		C811BC252385B5440079A2F3 /* Main.storyboard */ = {
			isa = PBXVariantGroup;
			children = (
				C811BC262385B5440079A2F3 /* Base */,
			);
			name = Main.storyboard;
			sourceTree = "<group>";
		};
		C811BC2A2385B5460079A2F3 /* LaunchScreen.storyboard */ = {
			isa = PBXVariantGroup;
			children = (
				C811BC2B2385B5460079A2F3 /* Base */,
			);
			name = LaunchScreen.storyboard;
			sourceTree = "<group>";
		};
/* End PBXVariantGroup section */

/* Begin XCBuildConfiguration section */
		C811BC2E2385B5460079A2F3 /* Debug */ = {
			isa = XCBuildConfiguration;
			buildSettings = {
				ALWAYS_SEARCH_USER_PATHS = NO;
				CLANG_ANALYZER_NONNULL = YES;
				CLANG_ANALYZER_NUMBER_OBJECT_CONVERSION = YES_AGGRESSIVE;
				CLANG_CXX_LANGUAGE_STANDARD = "gnu++14";
				CLANG_CXX_LIBRARY = "libc++";
				CLANG_ENABLE_MODULES = YES;
				CLANG_ENABLE_OBJC_ARC = YES;
				CLANG_ENABLE_OBJC_WEAK = YES;
				CLANG_WARN_BLOCK_CAPTURE_AUTORELEASING = YES;
				CLANG_WARN_BOOL_CONVERSION = YES;
				CLANG_WARN_COMMA = YES;
				CLANG_WARN_CONSTANT_CONVERSION = YES;
				CLANG_WARN_DEPRECATED_OBJC_IMPLEMENTATIONS = YES;
				CLANG_WARN_DIRECT_OBJC_ISA_USAGE = YES_ERROR;
				CLANG_WARN_DOCUMENTATION_COMMENTS = YES;
				CLANG_WARN_EMPTY_BODY = YES;
				CLANG_WARN_ENUM_CONVERSION = YES;
				CLANG_WARN_INFINITE_RECURSION = YES;
				CLANG_WARN_INT_CONVERSION = YES;
				CLANG_WARN_NON_LITERAL_NULL_CONVERSION = YES;
				CLANG_WARN_OBJC_IMPLICIT_RETAIN_SELF = YES;
				CLANG_WARN_OBJC_LITERAL_CONVERSION = YES;
				CLANG_WARN_OBJC_ROOT_CLASS = YES_ERROR;
				CLANG_WARN_RANGE_LOOP_ANALYSIS = YES;
				CLANG_WARN_STRICT_PROTOTYPES = YES;
				CLANG_WARN_SUSPICIOUS_MOVE = YES;
				CLANG_WARN_UNGUARDED_AVAILABILITY = YES_AGGRESSIVE;
				CLANG_WARN_UNREACHABLE_CODE = YES;
				CLANG_WARN__DUPLICATE_METHOD_MATCH = YES;
				COPY_PHASE_STRIP = NO;
				DEBUG_INFORMATION_FORMAT = dwarf;
				ENABLE_STRICT_OBJC_MSGSEND = YES;
				ENABLE_TESTABILITY = YES;
				GCC_C_LANGUAGE_STANDARD = gnu11;
				GCC_DYNAMIC_NO_PIC = NO;
				GCC_NO_COMMON_BLOCKS = YES;
				GCC_OPTIMIZATION_LEVEL = 0;
				GCC_PREPROCESSOR_DEFINITIONS = (
					"DEBUG=1",
					"$(inherited)",
				);
				GCC_WARN_64_TO_32_BIT_CONVERSION = YES;
				GCC_WARN_ABOUT_RETURN_TYPE = YES_ERROR;
				GCC_WARN_UNDECLARED_SELECTOR = YES;
				GCC_WARN_UNINITIALIZED_AUTOS = YES_AGGRESSIVE;
				GCC_WARN_UNUSED_FUNCTION = YES;
				GCC_WARN_UNUSED_VARIABLE = YES;
				IPHONEOS_DEPLOYMENT_TARGET = 13.1;
				MTL_ENABLE_DEBUG_INFO = INCLUDE_SOURCE;
				MTL_FAST_MATH = YES;
				ONLY_ACTIVE_ARCH = YES;
				SDKROOT = iphoneos;
				SWIFT_ACTIVE_COMPILATION_CONDITIONS = DEBUG;
				SWIFT_OPTIMIZATION_LEVEL = "-Onone";
			};
			name = Debug;
		};
		C811BC2F2385B5460079A2F3 /* Release */ = {
			isa = XCBuildConfiguration;
			buildSettings = {
				ALWAYS_SEARCH_USER_PATHS = NO;
				CLANG_ANALYZER_NONNULL = YES;
				CLANG_ANALYZER_NUMBER_OBJECT_CONVERSION = YES_AGGRESSIVE;
				CLANG_CXX_LANGUAGE_STANDARD = "gnu++14";
				CLANG_CXX_LIBRARY = "libc++";
				CLANG_ENABLE_MODULES = YES;
				CLANG_ENABLE_OBJC_ARC = YES;
				CLANG_ENABLE_OBJC_WEAK = YES;
				CLANG_WARN_BLOCK_CAPTURE_AUTORELEASING = YES;
				CLANG_WARN_BOOL_CONVERSION = YES;
				CLANG_WARN_COMMA = YES;
				CLANG_WARN_CONSTANT_CONVERSION = YES;
				CLANG_WARN_DEPRECATED_OBJC_IMPLEMENTATIONS = YES;
				CLANG_WARN_DIRECT_OBJC_ISA_USAGE = YES_ERROR;
				CLANG_WARN_DOCUMENTATION_COMMENTS = YES;
				CLANG_WARN_EMPTY_BODY = YES;
				CLANG_WARN_ENUM_CONVERSION = YES;
				CLANG_WARN_INFINITE_RECURSION = YES;
				CLANG_WARN_INT_CONVERSION = YES;
				CLANG_WARN_NON_LITERAL_NULL_CONVERSION = YES;
				CLANG_WARN_OBJC_IMPLICIT_RETAIN_SELF = YES;
				CLANG_WARN_OBJC_LITERAL_CONVERSION = YES;
				CLANG_WARN_OBJC_ROOT_CLASS = YES_ERROR;
				CLANG_WARN_RANGE_LOOP_ANALYSIS = YES;
				CLANG_WARN_STRICT_PROTOTYPES = YES;
				CLANG_WARN_SUSPICIOUS_MOVE = YES;
				CLANG_WARN_UNGUARDED_AVAILABILITY = YES_AGGRESSIVE;
				CLANG_WARN_UNREACHABLE_CODE = YES;
				CLANG_WARN__DUPLICATE_METHOD_MATCH = YES;
				COPY_PHASE_STRIP = NO;
				DEBUG_INFORMATION_FORMAT = "dwarf-with-dsym";
				ENABLE_NS_ASSERTIONS = NO;
				ENABLE_STRICT_OBJC_MSGSEND = YES;
				GCC_C_LANGUAGE_STANDARD = gnu11;
				GCC_NO_COMMON_BLOCKS = YES;
				GCC_WARN_64_TO_32_BIT_CONVERSION = YES;
				GCC_WARN_ABOUT_RETURN_TYPE = YES_ERROR;
				GCC_WARN_UNDECLARED_SELECTOR = YES;
				GCC_WARN_UNINITIALIZED_AUTOS = YES_AGGRESSIVE;
				GCC_WARN_UNUSED_FUNCTION = YES;
				GCC_WARN_UNUSED_VARIABLE = YES;
				IPHONEOS_DEPLOYMENT_TARGET = 13.1;
				MTL_ENABLE_DEBUG_INFO = NO;
				MTL_FAST_MATH = YES;
				SDKROOT = iphoneos;
				SWIFT_COMPILATION_MODE = wholemodule;
				SWIFT_OPTIMIZATION_LEVEL = "-O";
				VALIDATE_PRODUCT = YES;
			};
			name = Release;
		};
		C811BC312385B5460079A2F3 /* Debug */ = {
			isa = XCBuildConfiguration;
			buildSettings = {
				ASSETCATALOG_COMPILER_APPICON_NAME = AppIcon;
				CODE_SIGN_STYLE = Automatic;
				INFOPLIST_FILE = PersistentImageGallery/Info.plist;
				LD_RUNPATH_SEARCH_PATHS = (
					"$(inherited)",
					"@executable_path/Frameworks",
				);
				PRODUCT_BUNDLE_IDENTIFIER = com.fastapps.PersistentImageGallery;
				PRODUCT_NAME = "$(TARGET_NAME)";
				SWIFT_VERSION = 5.0;
				TARGETED_DEVICE_FAMILY = "1,2";
			};
			name = Debug;
		};
		C811BC322385B5460079A2F3 /* Release */ = {
			isa = XCBuildConfiguration;
			buildSettings = {
				ASSETCATALOG_COMPILER_APPICON_NAME = AppIcon;
				CODE_SIGN_STYLE = Automatic;
				INFOPLIST_FILE = PersistentImageGallery/Info.plist;
				LD_RUNPATH_SEARCH_PATHS = (
					"$(inherited)",
					"@executable_path/Frameworks",
				);
				PRODUCT_BUNDLE_IDENTIFIER = com.fastapps.PersistentImageGallery;
				PRODUCT_NAME = "$(TARGET_NAME)";
				SWIFT_VERSION = 5.0;
				TARGETED_DEVICE_FAMILY = "1,2";
			};
			name = Release;
		};
/* End XCBuildConfiguration section */

/* Begin XCConfigurationList section */
		C811BC152385B5440079A2F3 /* Build configuration list for PBXProject "PersistentImageGallery" */ = {
			isa = XCConfigurationList;
			buildConfigurations = (
				C811BC2E2385B5460079A2F3 /* Debug */,
				C811BC2F2385B5460079A2F3 /* Release */,
			);
			defaultConfigurationIsVisible = 0;
			defaultConfigurationName = Release;
		};
		C811BC302385B5460079A2F3 /* Build configuration list for PBXNativeTarget "PersistentImageGallery" */ = {
			isa = XCConfigurationList;
			buildConfigurations = (
				C811BC312385B5460079A2F3 /* Debug */,
				C811BC322385B5460079A2F3 /* Release */,
			);
			defaultConfigurationIsVisible = 0;
			defaultConfigurationName = Release;
		};
/* End XCConfigurationList section */
	};
	rootObject = C811BC122385B5440079A2F3 /* Project object */;
}
